
Microsoft Visual Studio Solution File, Format Version 12.00
# Visual Studio Version 17
VisualStudioVersion = 17.12.35309.182
MinimumVisualStudioVersion = 10.0.40219.1
Project("{2150E333-8FDC-42A3-9474-1A3956D46DE8}") = "1 - Presentation", "1 - Presentation", "{BBF002E9-1B0A-4705-9E2C-5875AAC2C0BE}"
EndProject
Project("{2150E333-8FDC-42A3-9474-1A3956D46DE8}") = "2 - Domain", "2 - Domain", "{29A4DF70-F3A6-4701-A294-D935865B7446}"
EndProject
Project("{2150E333-8FDC-42A3-9474-1A3956D46DE8}") = "3 - Infrastructure", "3 - Infrastructure", "{CCB93ADD-13EB-40D2-BB23-E1F7ABD25988}"
EndProject
Project("{2150E333-8FDC-42A3-9474-1A3956D46DE8}") = "5 - Test", "5 - Test", "{5173057B-8C8B-4999-8C89-EE267EBC29ED}"
EndProject
Project("{2150E333-8FDC-42A3-9474-1A3956D46DE8}") = "Solution Items", "Solution Items", "{09E35A5B-3DBC-499D-9253-7C04A7CEF717}"
	ProjectSection(SolutionItems) = preProject
		..\README.md = ..\README.md
	EndProjectSection
EndProject
Project("{FAE04EC0-301F-11D3-BF4B-00C04F79EFBC}") = "Api", "Api\Api.csproj", "{510AD9EE-C37B-41B6-9B6C-E962E236A0C5}"
EndProject
Project("{FAE04EC0-301F-11D3-BF4B-00C04F79EFBC}") = "Domain", "Domain\Domain.csproj", "{F53395AA-54A7-49A7-818D-1AF31A84B642}"
EndProject
Project("{FAE04EC0-301F-11D3-BF4B-00C04F79EFBC}") = "Infrastructure.Data", "Infrastructure.Data\Infrastructure.Data.csproj", "{E3F8FBE7-5B2D-44A7-9009-A29622050C5D}"
EndProject
Project("{FAE04EC0-301F-11D3-BF4B-00C04F79EFBC}") = "Tests", "Tests\Tests.csproj", "{D22F1F90-2567-46C3-B4BF-4F9FBABB01F6}"
EndProject
Project("{FAE04EC0-301F-11D3-BF4B-00C04F79EFBC}") = "CrossCutting.Configurations", "CrossCutting.Configurations\CrossCutting.Configurations.csproj", "{AD8D7EBB-E43A-4EF3-AE84-9D6B6B78EF65}"
EndProject
Project("{2150E333-8FDC-42A3-9474-1A3956D46DE8}") = "4 - CrossCutting", "4 - CrossCutting", "{2608103B-2246-43B8-96AB-BFE1B2B8192F}"
EndProject
Global
	GlobalSection(SolutionConfigurationPlatforms) = preSolution
		Debug|Any CPU = Debug|Any CPU
		Release|Any CPU = Release|Any CPU
	EndGlobalSection
	GlobalSection(ProjectConfigurationPlatforms) = postSolution
		{510AD9EE-C37B-41B6-9B6C-E962E236A0C5}.Debug|Any CPU.ActiveCfg = Debug|Any CPU
		{510AD9EE-C37B-41B6-9B6C-E962E236A0C5}.Debug|Any CPU.Build.0 = Debug|Any CPU
		{510AD9EE-C37B-41B6-9B6C-E962E236A0C5}.Release|Any CPU.ActiveCfg = Release|Any CPU
		{510AD9EE-C37B-41B6-9B6C-E962E236A0C5}.Release|Any CPU.Build.0 = Release|Any CPU
		{F53395AA-54A7-49A7-818D-1AF31A84B642}.Debug|Any CPU.ActiveCfg = Debug|Any CPU
		{F53395AA-54A7-49A7-818D-1AF31A84B642}.Debug|Any CPU.Build.0 = Debug|Any CPU
		{F53395AA-54A7-49A7-818D-1AF31A84B642}.Release|Any CPU.ActiveCfg = Release|Any CPU
		{F53395AA-54A7-49A7-818D-1AF31A84B642}.Release|Any CPU.Build.0 = Release|Any CPU
		{E3F8FBE7-5B2D-44A7-9009-A29622050C5D}.Debug|Any CPU.ActiveCfg = Debug|Any CPU
		{E3F8FBE7-5B2D-44A7-9009-A29622050C5D}.Debug|Any CPU.Build.0 = Debug|Any CPU
		{E3F8FBE7-5B2D-44A7-9009-A29622050C5D}.Release|Any CPU.ActiveCfg = Release|Any CPU
		{E3F8FBE7-5B2D-44A7-9009-A29622050C5D}.Release|Any CPU.Build.0 = Release|Any CPU
		{D22F1F90-2567-46C3-B4BF-4F9FBABB01F6}.Debug|Any CPU.ActiveCfg = Debug|Any CPU
		{D22F1F90-2567-46C3-B4BF-4F9FBABB01F6}.Debug|Any CPU.Build.0 = Debug|Any CPU
		{D22F1F90-2567-46C3-B4BF-4F9FBABB01F6}.Release|Any CPU.ActiveCfg = Release|Any CPU
		{D22F1F90-2567-46C3-B4BF-4F9FBABB01F6}.Release|Any CPU.Build.0 = Release|Any CPU
		{AD8D7EBB-E43A-4EF3-AE84-9D6B6B78EF65}.Debug|Any CPU.ActiveCfg = Debug|Any CPU
		{AD8D7EBB-E43A-4EF3-AE84-9D6B6B78EF65}.Debug|Any CPU.Build.0 = Debug|Any CPU
		{AD8D7EBB-E43A-4EF3-AE84-9D6B6B78EF65}.Release|Any CPU.ActiveCfg = Release|Any CPU
		{AD8D7EBB-E43A-4EF3-AE84-9D6B6B78EF65}.Release|Any CPU.Build.0 = Release|Any CPU
	EndGlobalSection
	GlobalSection(SolutionProperties) = preSolution
		HideSolutionNode = FALSE
	EndGlobalSection
	GlobalSection(NestedProjects) = preSolution
		{510AD9EE-C37B-41B6-9B6C-E962E236A0C5} = {BBF002E9-1B0A-4705-9E2C-5875AAC2C0BE}
		{F53395AA-54A7-49A7-818D-1AF31A84B642} = {29A4DF70-F3A6-4701-A294-D935865B7446}
		{E3F8FBE7-5B2D-44A7-9009-A29622050C5D} = {CCB93ADD-13EB-40D2-BB23-E1F7ABD25988}
		{D22F1F90-2567-46C3-B4BF-4F9FBABB01F6} = {5173057B-8C8B-4999-8C89-EE267EBC29ED}
		{AD8D7EBB-E43A-4EF3-AE84-9D6B6B78EF65} = {2608103B-2246-43B8-96AB-BFE1B2B8192F}
	EndGlobalSection
	GlobalSection(ExtensibilityGlobals) = postSolution
		SolutionGuid = {66132384-AB6D-436F-B3F4-7DE1165455B9}
	EndGlobalSection
EndGlobal
